
Microsoft Visual Studio Solution File, Format Version 12.00
# Visual Studio Version 18
VisualStudioVersion = 18.7.11911.148 stable
MinimumVisualStudioVersion = 10.0.40219.1
Project("{FAE04EC0-301F-11D3-BF4B-00C04F79EFBC}") = "DragonKeep", "DragonKeep.csproj", "{679F37E4-F16B-0824-E41D-C6C74C5DFE3B}"
EndProject
Global
	GlobalSection(SolutionConfigurationPlatforms) = preSolution
		Debug|Any CPU = Debug|Any CPU
		Release|Any CPU = Release|Any CPU
	EndGlobalSection
	GlobalSection(ProjectConfigurationPlatforms) = postSolution
		{679F37E4-F16B-0824-E41D-C6C74C5DFE3B}.Debug|Any CPU.ActiveCfg = Debug|Any CPU
		{679F37E4-F16B-0824-E41D-C6C74C5DFE3B}.Debug|Any CPU.Build.0 = Debug|Any CPU
		{679F37E4-F16B-0824-E41D-C6C74C5DFE3B}.Release|Any CPU.ActiveCfg = Release|Any CPU
		{679F37E4-F16B-0824-E41D-C6C74C5DFE3B}.Release|Any CPU.Build.0 = Release|Any CPU
	EndGlobalSection
	GlobalSection(SolutionProperties) = preSolution
		HideSolutionNode = FALSE
	EndGlobalSection
	GlobalSection(ExtensibilityGlobals) = postSolution
		SolutionGuid = {C3F53210-9454-435C-AD4C-31BB8B046499}
	EndGlobalSection
EndGlobal
